// !$*UTF8*$!
{
	archiveVersion = 1;
	classes = {
	};
	objectVersion = 46;
	objects = {

/* Begin PBXBuildFile section */
		E2734C75173AAA6A00906D7F /* CFCFeedItemsChangedViewController.m in Sources */ = {isa = PBXBuildFile; fileRef = E2734C73173AAA6A00906D7F /* CFCFeedItemsChangedViewController.m */; };
		E2734C76173AAA6A00906D7F /* CFCFeedItemsChangedViewController.xib in Resources */ = {isa = PBXBuildFile; fileRef = E2734C74173AAA6A00906D7F /* CFCFeedItemsChangedViewController.xib */; };
		E2734C7A173AAFEC00906D7F /* CFCFeedItemsGetViewController.m in Sources */ = {isa = PBXBuildFile; fileRef = E2734C78173AAFEC00906D7F /* CFCFeedItemsGetViewController.m */; };
		E2734C7B173AAFEC00906D7F /* CFCFeedItemsGetViewController.xib in Resources */ = {isa = PBXBuildFile; fileRef = E2734C79173AAFEC00906D7F /* CFCFeedItemsGetViewController.xib */; };
		E2734C7F173AB5A400906D7F /* CFCStreamStreamItemIdsViewController.m in Sources */ = {isa = PBXBuildFile; fileRef = E2734C7D173AB5A400906D7F /* CFCStreamStreamItemIdsViewController.m */; };
		E2734C80173AB5A400906D7F /* CFCStreamStreamItemIdsViewController.xib in Resources */ = {isa = PBXBuildFile; fileRef = E2734C7E173AB5A400906D7F /* CFCStreamStreamItemIdsViewController.xib */; };
		E2E17E381738115E007B5FF0 /* UIKit.framework in Frameworks */ = {isa = PBXBuildFile; fileRef = E2E17E371738115E007B5FF0 /* UIKit.framework */; };
		E2E17E3A1738115E007B5FF0 /* Foundation.framework in Frameworks */ = {isa = PBXBuildFile; fileRef = E2E17E391738115E007B5FF0 /* Foundation.framework */; };
		E2E17E3C1738115E007B5FF0 /* CoreGraphics.framework in Frameworks */ = {isa = PBXBuildFile; fileRef = E2E17E3B1738115E007B5FF0 /* CoreGraphics.framework */; };
		E2E17E421738115E007B5FF0 /* InfoPlist.strings in Resources */ = {isa = PBXBuildFile; fileRef = E2E17E401738115E007B5FF0 /* InfoPlist.strings */; };
		E2E17E441738115E007B5FF0 /* main.m in Sources */ = {isa = PBXBuildFile; fileRef = E2E17E431738115E007B5FF0 /* main.m */; };
		E2E17E481738115E007B5FF0 /* CFCAppDelegate.m in Sources */ = {isa = PBXBuildFile; fileRef = E2E17E471738115E007B5FF0 /* CFCAppDelegate.m */; };
		E2E17E4A1738115E007B5FF0 /* Default.png in Resources */ = {isa = PBXBuildFile; fileRef = E2E17E491738115E007B5FF0 /* Default.png */; };
		E2E17E4C1738115E007B5FF0 /* Default@2x.png in Resources */ = {isa = PBXBuildFile; fileRef = E2E17E4B1738115E007B5FF0 /* Default@2x.png */; };
		E2E17E4E1738115E007B5FF0 /* Default-568h@2x.png in Resources */ = {isa = PBXBuildFile; fileRef = E2E17E4D1738115E007B5FF0 /* Default-568h@2x.png */; };
		E2E17E511738115E007B5FF0 /* CFCActionsViewController.m in Sources */ = {isa = PBXBuildFile; fileRef = E2E17E501738115E007B5FF0 /* CFCActionsViewController.m */; };
		E2E17E66173812DC007B5FF0 /* CFCUsersLoginViewController.m in Sources */ = {isa = PBXBuildFile; fileRef = E2E17E64173812DC007B5FF0 /* CFCUsersLoginViewController.m */; };
		E2E17E67173812DC007B5FF0 /* CFCUsersLoginViewController.xib in Resources */ = {isa = PBXBuildFile; fileRef = E2E17E65173812DC007B5FF0 /* CFCUsersLoginViewController.xib */; };
		E2E17E6A173813D2007B5FF0 /* CFCBaseViewController.m in Sources */ = {isa = PBXBuildFile; fileRef = E2E17E69173813D2007B5FF0 /* CFCBaseViewController.m */; };
		E2E17E6E17381C1E007B5FF0 /* CFCUsersLogoutViewController.m in Sources */ = {isa = PBXBuildFile; fileRef = E2E17E6C17381C1E007B5FF0 /* CFCUsersLogoutViewController.m */; };
		E2E17E6F17381C1E007B5FF0 /* CFCUsersLogoutViewController.xib in Resources */ = {isa = PBXBuildFile; fileRef = E2E17E6D17381C1E007B5FF0 /* CFCUsersLogoutViewController.xib */; };
		E2E17E7317381EE1007B5FF0 /* CFCSubscriptionsListViewController.m in Sources */ = {isa = PBXBuildFile; fileRef = E2E17E7117381EE1007B5FF0 /* CFCSubscriptionsListViewController.m */; };
		E2E17E7417381EE1007B5FF0 /* CFCSubscriptionsListViewController.xib in Resources */ = {isa = PBXBuildFile; fileRef = E2E17E7217381EE1007B5FF0 /* CFCSubscriptionsListViewController.xib */; };
		E2E17E7B17382077007B5FF0 /* CFCSubscriptionsAddFeedViewController.m in Sources */ = {isa = PBXBuildFile; fileRef = E2E17E7917382077007B5FF0 /* CFCSubscriptionsAddFeedViewController.m */; };
		E2E17E7C17382077007B5FF0 /* CFCSubscriptionsAddFeedViewController.xib in Resources */ = {isa = PBXBuildFile; fileRef = E2E17E7A17382077007B5FF0 /* CFCSubscriptionsAddFeedViewController.xib */; };
		E2E17E80173822A1007B5FF0 /* CFCSubscriptionsRemoveFeedViewController.m in Sources */ = {isa = PBXBuildFile; fileRef = E2E17E7E173822A1007B5FF0 /* CFCSubscriptionsRemoveFeedViewController.m */; };
		E2E17E81173822A1007B5FF0 /* CFCSubscriptionsRemoveFeedViewController.xib in Resources */ = {isa = PBXBuildFile; fileRef = E2E17E7F173822A1007B5FF0 /* CFCSubscriptionsRemoveFeedViewController.xib */; };
		E2E17E8617382552007B5FF0 /* CFCFeedItemsListViewController.m in Sources */ = {isa = PBXBuildFile; fileRef = E2E17E8417382552007B5FF0 /* CFCFeedItemsListViewController.m */; };
		E2E17E8717382552007B5FF0 /* CFCFeedItemsListViewController.xib in Resources */ = {isa = PBXBuildFile; fileRef = E2E17E8517382552007B5FF0 /* CFCFeedItemsListViewController.xib */; };
		E2E17E8B173831CA007B5FF0 /* CFCFeedItemsUpdateViewController.m in Sources */ = {isa = PBXBuildFile; fileRef = E2E17E89173831CA007B5FF0 /* CFCFeedItemsUpdateViewController.m */; };
		E2E17E8C173831CA007B5FF0 /* CFCFeedItemsUpdateViewController.xib in Resources */ = {isa = PBXBuildFile; fileRef = E2E17E8A173831CA007B5FF0 /* CFCFeedItemsUpdateViewController.xib */; };
		E2E17E9017383398007B5FF0 /* CFCFeedItemsMarkAllReadViewController.m in Sources */ = {isa = PBXBuildFile; fileRef = E2E17E8E17383398007B5FF0 /* CFCFeedItemsMarkAllReadViewController.m */; };
		E2E17E9117383398007B5FF0 /* CFCFeedItemsMarkAllReadViewController.xib in Resources */ = {isa = PBXBuildFile; fileRef = E2E17E8F17383398007B5FF0 /* CFCFeedItemsMarkAllReadViewController.xib */; };
		E2E17E9517383A1F007B5FF0 /* CFCStreamsListViewController.m in Sources */ = {isa = PBXBuildFile; fileRef = E2E17E9317383A1F007B5FF0 /* CFCStreamsListViewController.m */; };
		E2E17E9617383A1F007B5FF0 /* CFCStreamsListViewController.xib in Resources */ = {isa = PBXBuildFile; fileRef = E2E17E9417383A1F007B5FF0 /* CFCStreamsListViewController.xib */; };
		E2E17E9B17383EF6007B5FF0 /* CFCStreamsStreamItemsViewController.m in Sources */ = {isa = PBXBuildFile; fileRef = E2E17E9917383EF6007B5FF0 /* CFCStreamsStreamItemsViewController.m */; };
		E2E17E9C17383EF6007B5FF0 /* CFCStreamsStreamItemsViewController.xib in Resources */ = {isa = PBXBuildFile; fileRef = E2E17E9A17383EF6007B5FF0 /* CFCStreamsStreamItemsViewController.xib */; };
		E2E17EA017384137007B5FF0 /* CFCFeedItemsSearchViewController.m in Sources */ = {isa = PBXBuildFile; fileRef = E2E17E9E17384137007B5FF0 /* CFCFeedItemsSearchViewController.m */; };
		E2E17EA117384137007B5FF0 /* CFCFeedItemsSearchViewController.xib in Resources */ = {isa = PBXBuildFile; fileRef = E2E17E9F17384137007B5FF0 /* CFCFeedItemsSearchViewController.xib */; };
/* End PBXBuildFile section */

/* Begin PBXFileReference section */
		E2734C72173AAA6A00906D7F /* CFCFeedItemsChangedViewController.h */ = {isa = PBXFileReference; fileEncoding = 4; lastKnownFileType = sourcecode.c.h; path = CFCFeedItemsChangedViewController.h; sourceTree = "<group>"; };
		E2734C73173AAA6A00906D7F /* CFCFeedItemsChangedViewController.m */ = {isa = PBXFileReference; fileEncoding = 4; lastKnownFileType = sourcecode.c.objc; path = CFCFeedItemsChangedViewController.m; sourceTree = "<group>"; };
		E2734C74173AAA6A00906D7F /* CFCFeedItemsChangedViewController.xib */ = {isa = PBXFileReference; fileEncoding = 4; lastKnownFileType = file.xib; path = CFCFeedItemsChangedViewController.xib; sourceTree = "<group>"; };
		E2734C77173AAFEC00906D7F /* CFCFeedItemsGetViewController.h */ = {isa = PBXFileReference; fileEncoding = 4; lastKnownFileType = sourcecode.c.h; path = CFCFeedItemsGetViewController.h; sourceTree = "<group>"; };
		E2734C78173AAFEC00906D7F /* CFCFeedItemsGetViewController.m */ = {isa = PBXFileReference; fileEncoding = 4; lastKnownFileType = sourcecode.c.objc; path = CFCFeedItemsGetViewController.m; sourceTree = "<group>"; };
		E2734C79173AAFEC00906D7F /* CFCFeedItemsGetViewController.xib */ = {isa = PBXFileReference; fileEncoding = 4; lastKnownFileType = file.xib; path = CFCFeedItemsGetViewController.xib; sourceTree = "<group>"; };
		E2734C7C173AB5A400906D7F /* CFCStreamStreamItemIdsViewController.h */ = {isa = PBXFileReference; fileEncoding = 4; lastKnownFileType = sourcecode.c.h; path = CFCStreamStreamItemIdsViewController.h; sourceTree = "<group>"; };
		E2734C7D173AB5A400906D7F /* CFCStreamStreamItemIdsViewController.m */ = {isa = PBXFileReference; fileEncoding = 4; lastKnownFileType = sourcecode.c.objc; path = CFCStreamStreamItemIdsViewController.m; sourceTree = "<group>"; };
		E2734C7E173AB5A400906D7F /* CFCStreamStreamItemIdsViewController.xib */ = {isa = PBXFileReference; fileEncoding = 4; lastKnownFileType = file.xib; path = CFCStreamStreamItemIdsViewController.xib; sourceTree = "<group>"; };
		E2E17E341738115E007B5FF0 /* FeedWranglerAPIExample.app */ = {isa = PBXFileReference; explicitFileType = wrapper.application; includeInIndex = 0; path = FeedWranglerAPIExample.app; sourceTree = BUILT_PRODUCTS_DIR; };
		E2E17E371738115E007B5FF0 /* UIKit.framework */ = {isa = PBXFileReference; lastKnownFileType = wrapper.framework; name = UIKit.framework; path = System/Library/Frameworks/UIKit.framework; sourceTree = SDKROOT; };
		E2E17E391738115E007B5FF0 /* Foundation.framework */ = {isa = PBXFileReference; lastKnownFileType = wrapper.framework; name = Foundation.framework; path = System/Library/Frameworks/Foundation.framework; sourceTree = SDKROOT; };
		E2E17E3B1738115E007B5FF0 /* CoreGraphics.framework */ = {isa = PBXFileReference; lastKnownFileType = wrapper.framework; name = CoreGraphics.framework; path = System/Library/Frameworks/CoreGraphics.framework; sourceTree = SDKROOT; };
		E2E17E3F1738115E007B5FF0 /* FeedWranglerAPIExample-Info.plist */ = {isa = PBXFileReference; lastKnownFileType = text.plist.xml; path = "FeedWranglerAPIExample-Info.plist"; sourceTree = "<group>"; };
		E2E17E411738115E007B5FF0 /* en */ = {isa = PBXFileReference; lastKnownFileType = text.plist.strings; name = en; path = en.lproj/InfoPlist.strings; sourceTree = "<group>"; };
		E2E17E431738115E007B5FF0 /* main.m */ = {isa = PBXFileReference; lastKnownFileType = sourcecode.c.objc; path = main.m; sourceTree = "<group>"; };
		E2E17E451738115E007B5FF0 /* FeedWranglerAPIExample-Prefix.pch */ = {isa = PBXFileReference; lastKnownFileType = sourcecode.c.h; path = "FeedWranglerAPIExample-Prefix.pch"; sourceTree = "<group>"; };
		E2E17E461738115E007B5FF0 /* CFCAppDelegate.h */ = {isa = PBXFileReference; lastKnownFileType = sourcecode.c.h; path = CFCAppDelegate.h; sourceTree = "<group>"; };
		E2E17E471738115E007B5FF0 /* CFCAppDelegate.m */ = {isa = PBXFileReference; lastKnownFileType = sourcecode.c.objc; path = CFCAppDelegate.m; sourceTree = "<group>"; };
		E2E17E491738115E007B5FF0 /* Default.png */ = {isa = PBXFileReference; lastKnownFileType = image.png; path = Default.png; sourceTree = "<group>"; };
		E2E17E4B1738115E007B5FF0 /* Default@2x.png */ = {isa = PBXFileReference; lastKnownFileType = image.png; path = "Default@2x.png"; sourceTree = "<group>"; };
		E2E17E4D1738115E007B5FF0 /* Default-568h@2x.png */ = {isa = PBXFileReference; lastKnownFileType = image.png; path = "Default-568h@2x.png"; sourceTree = "<group>"; };
		E2E17E4F1738115E007B5FF0 /* CFCActionsViewController.h */ = {isa = PBXFileReference; lastKnownFileType = sourcecode.c.h; path = CFCActionsViewController.h; sourceTree = "<group>"; };
		E2E17E501738115E007B5FF0 /* CFCActionsViewController.m */ = {isa = PBXFileReference; lastKnownFileType = sourcecode.c.objc; path = CFCActionsViewController.m; sourceTree = "<group>"; };
		E2E17E63173812DC007B5FF0 /* CFCUsersLoginViewController.h */ = {isa = PBXFileReference; fileEncoding = 4; lastKnownFileType = sourcecode.c.h; path = CFCUsersLoginViewController.h; sourceTree = "<group>"; };
		E2E17E64173812DC007B5FF0 /* CFCUsersLoginViewController.m */ = {isa = PBXFileReference; fileEncoding = 4; lastKnownFileType = sourcecode.c.objc; path = CFCUsersLoginViewController.m; sourceTree = "<group>"; };
		E2E17E65173812DC007B5FF0 /* CFCUsersLoginViewController.xib */ = {isa = PBXFileReference; fileEncoding = 4; lastKnownFileType = file.xib; path = CFCUsersLoginViewController.xib; sourceTree = "<group>"; };
		E2E17E68173813D1007B5FF0 /* CFCBaseViewController.h */ = {isa = PBXFileReference; fileEncoding = 4; lastKnownFileType = sourcecode.c.h; path = CFCBaseViewController.h; sourceTree = "<group>"; };
		E2E17E69173813D2007B5FF0 /* CFCBaseViewController.m */ = {isa = PBXFileReference; fileEncoding = 4; lastKnownFileType = sourcecode.c.objc; path = CFCBaseViewController.m; sourceTree = "<group>"; };
		E2E17E6B17381C1E007B5FF0 /* CFCUsersLogoutViewController.h */ = {isa = PBXFileReference; fileEncoding = 4; lastKnownFileType = sourcecode.c.h; path = CFCUsersLogoutViewController.h; sourceTree = "<group>"; };
		E2E17E6C17381C1E007B5FF0 /* CFCUsersLogoutViewController.m */ = {isa = PBXFileReference; fileEncoding = 4; lastKnownFileType = sourcecode.c.objc; path = CFCUsersLogoutViewController.m; sourceTree = "<group>"; };
		E2E17E6D17381C1E007B5FF0 /* CFCUsersLogoutViewController.xib */ = {isa = PBXFileReference; fileEncoding = 4; lastKnownFileType = file.xib; path = CFCUsersLogoutViewController.xib; sourceTree = "<group>"; };
		E2E17E7017381EE1007B5FF0 /* CFCSubscriptionsListViewController.h */ = {isa = PBXFileReference; fileEncoding = 4; lastKnownFileType = sourcecode.c.h; path = CFCSubscriptionsListViewController.h; sourceTree = "<group>"; };
		E2E17E7117381EE1007B5FF0 /* CFCSubscriptionsListViewController.m */ = {isa = PBXFileReference; fileEncoding = 4; lastKnownFileType = sourcecode.c.objc; path = CFCSubscriptionsListViewController.m; sourceTree = "<group>"; };
		E2E17E7217381EE1007B5FF0 /* CFCSubscriptionsListViewController.xib */ = {isa = PBXFileReference; fileEncoding = 4; lastKnownFileType = file.xib; path = CFCSubscriptionsListViewController.xib; sourceTree = "<group>"; };
		E2E17E7817382077007B5FF0 /* CFCSubscriptionsAddFeedViewController.h */ = {isa = PBXFileReference; fileEncoding = 4; lastKnownFileType = sourcecode.c.h; path = CFCSubscriptionsAddFeedViewController.h; sourceTree = "<group>"; };
		E2E17E7917382077007B5FF0 /* CFCSubscriptionsAddFeedViewController.m */ = {isa = PBXFileReference; fileEncoding = 4; lastKnownFileType = sourcecode.c.objc; path = CFCSubscriptionsAddFeedViewController.m; sourceTree = "<group>"; };
		E2E17E7A17382077007B5FF0 /* CFCSubscriptionsAddFeedViewController.xib */ = {isa = PBXFileReference; fileEncoding = 4; lastKnownFileType = file.xib; path = CFCSubscriptionsAddFeedViewController.xib; sourceTree = "<group>"; };
		E2E17E7D173822A1007B5FF0 /* CFCSubscriptionsRemoveFeedViewController.h */ = {isa = PBXFileReference; fileEncoding = 4; lastKnownFileType = sourcecode.c.h; path = CFCSubscriptionsRemoveFeedViewController.h; sourceTree = "<group>"; };
		E2E17E7E173822A1007B5FF0 /* CFCSubscriptionsRemoveFeedViewController.m */ = {isa = PBXFileReference; fileEncoding = 4; lastKnownFileType = sourcecode.c.objc; path = CFCSubscriptionsRemoveFeedViewController.m; sourceTree = "<group>"; };
		E2E17E7F173822A1007B5FF0 /* CFCSubscriptionsRemoveFeedViewController.xib */ = {isa = PBXFileReference; fileEncoding = 4; lastKnownFileType = file.xib; path = CFCSubscriptionsRemoveFeedViewController.xib; sourceTree = "<group>"; };
		E2E17E8317382552007B5FF0 /* CFCFeedItemsListViewController.h */ = {isa = PBXFileReference; fileEncoding = 4; lastKnownFileType = sourcecode.c.h; path = CFCFeedItemsListViewController.h; sourceTree = "<group>"; };
		E2E17E8417382552007B5FF0 /* CFCFeedItemsListViewController.m */ = {isa = PBXFileReference; fileEncoding = 4; lastKnownFileType = sourcecode.c.objc; path = CFCFeedItemsListViewController.m; sourceTree = "<group>"; };
		E2E17E8517382552007B5FF0 /* CFCFeedItemsListViewController.xib */ = {isa = PBXFileReference; fileEncoding = 4; lastKnownFileType = file.xib; path = CFCFeedItemsListViewController.xib; sourceTree = "<group>"; };
		E2E17E88173831CA007B5FF0 /* CFCFeedItemsUpdateViewController.h */ = {isa = PBXFileReference; fileEncoding = 4; lastKnownFileType = sourcecode.c.h; path = CFCFeedItemsUpdateViewController.h; sourceTree = "<group>"; };
		E2E17E89173831CA007B5FF0 /* CFCFeedItemsUpdateViewController.m */ = {isa = PBXFileReference; fileEncoding = 4; lastKnownFileType = sourcecode.c.objc; path = CFCFeedItemsUpdateViewController.m; sourceTree = "<group>"; };
		E2E17E8A173831CA007B5FF0 /* CFCFeedItemsUpdateViewController.xib */ = {isa = PBXFileReference; fileEncoding = 4; lastKnownFileType = file.xib; path = CFCFeedItemsUpdateViewController.xib; sourceTree = "<group>"; };
		E2E17E8D17383398007B5FF0 /* CFCFeedItemsMarkAllReadViewController.h */ = {isa = PBXFileReference; fileEncoding = 4; lastKnownFileType = sourcecode.c.h; path = CFCFeedItemsMarkAllReadViewController.h; sourceTree = "<group>"; };
		E2E17E8E17383398007B5FF0 /* CFCFeedItemsMarkAllReadViewController.m */ = {isa = PBXFileReference; fileEncoding = 4; lastKnownFileType = sourcecode.c.objc; path = CFCFeedItemsMarkAllReadViewController.m; sourceTree = "<group>"; };
		E2E17E8F17383398007B5FF0 /* CFCFeedItemsMarkAllReadViewController.xib */ = {isa = PBXFileReference; fileEncoding = 4; lastKnownFileType = file.xib; path = CFCFeedItemsMarkAllReadViewController.xib; sourceTree = "<group>"; };
		E2E17E9217383A1F007B5FF0 /* CFCStreamsListViewController.h */ = {isa = PBXFileReference; fileEncoding = 4; lastKnownFileType = sourcecode.c.h; path = CFCStreamsListViewController.h; sourceTree = "<group>"; };
		E2E17E9317383A1F007B5FF0 /* CFCStreamsListViewController.m */ = {isa = PBXFileReference; fileEncoding = 4; lastKnownFileType = sourcecode.c.objc; path = CFCStreamsListViewController.m; sourceTree = "<group>"; };
		E2E17E9417383A1F007B5FF0 /* CFCStreamsListViewController.xib */ = {isa = PBXFileReference; fileEncoding = 4; lastKnownFileType = file.xib; path = CFCStreamsListViewController.xib; sourceTree = "<group>"; };
		E2E17E9817383EF6007B5FF0 /* CFCStreamsStreamItemsViewController.h */ = {isa = PBXFileReference; fileEncoding = 4; lastKnownFileType = sourcecode.c.h; path = CFCStreamsStreamItemsViewController.h; sourceTree = "<group>"; };
		E2E17E9917383EF6007B5FF0 /* CFCStreamsStreamItemsViewController.m */ = {isa = PBXFileReference; fileEncoding = 4; lastKnownFileType = sourcecode.c.objc; path = CFCStreamsStreamItemsViewController.m; sourceTree = "<group>"; };
		E2E17E9A17383EF6007B5FF0 /* CFCStreamsStreamItemsViewController.xib */ = {isa = PBXFileReference; fileEncoding = 4; lastKnownFileType = file.xib; path = CFCStreamsStreamItemsViewController.xib; sourceTree = "<group>"; };
		E2E17E9D17384137007B5FF0 /* CFCFeedItemsSearchViewController.h */ = {isa = PBXFileReference; fileEncoding = 4; lastKnownFileType = sourcecode.c.h; path = CFCFeedItemsSearchViewController.h; sourceTree = "<group>"; };
		E2E17E9E17384137007B5FF0 /* CFCFeedItemsSearchViewController.m */ = {isa = PBXFileReference; fileEncoding = 4; lastKnownFileType = sourcecode.c.objc; path = CFCFeedItemsSearchViewController.m; sourceTree = "<group>"; };
		E2E17E9F17384137007B5FF0 /* CFCFeedItemsSearchViewController.xib */ = {isa = PBXFileReference; fileEncoding = 4; lastKnownFileType = file.xib; path = CFCFeedItemsSearchViewController.xib; sourceTree = "<group>"; };
/* End PBXFileReference section */

/* Begin PBXFrameworksBuildPhase section */
		E2E17E311738115E007B5FF0 /* Frameworks */ = {
			isa = PBXFrameworksBuildPhase;
			buildActionMask = 2147483647;
			files = (
				E2E17E381738115E007B5FF0 /* UIKit.framework in Frameworks */,
				E2E17E3A1738115E007B5FF0 /* Foundation.framework in Frameworks */,
				E2E17E3C1738115E007B5FF0 /* CoreGraphics.framework in Frameworks */,
			);
			runOnlyForDeploymentPostprocessing = 0;
		};
/* End PBXFrameworksBuildPhase section */

/* Begin PBXGroup section */
		E2E17E2B1738115E007B5FF0 = {
			isa = PBXGroup;
			children = (
				E2E17E7617382057007B5FF0 /* Shared */,
				E2E17E3E1738115E007B5FF0 /* Supporting Files */,
				E2E17E3D1738115E007B5FF0 /* FeedWranglerAPIExample */,
				E2E17E361738115E007B5FF0 /* Frameworks */,
				E2E17E351738115E007B5FF0 /* Products */,
			);
			sourceTree = "<group>";
		};
		E2E17E351738115E007B5FF0 /* Products */ = {
			isa = PBXGroup;
			children = (
				E2E17E341738115E007B5FF0 /* FeedWranglerAPIExample.app */,
			);
			name = Products;
			sourceTree = "<group>";
		};
		E2E17E361738115E007B5FF0 /* Frameworks */ = {
			isa = PBXGroup;
			children = (
				E2E17E371738115E007B5FF0 /* UIKit.framework */,
				E2E17E391738115E007B5FF0 /* Foundation.framework */,
				E2E17E3B1738115E007B5FF0 /* CoreGraphics.framework */,
			);
			name = Frameworks;
			sourceTree = "<group>";
		};
		E2E17E3D1738115E007B5FF0 /* FeedWranglerAPIExample */ = {
			isa = PBXGroup;
			children = (
				E2E17E9717383E97007B5FF0 /* Streams */,
				E2E17E8217382541007B5FF0 /* FeedItems */,
				E2E17E7717382062007B5FF0 /* Subscriptions */,
				E2E17E751738204C007B5FF0 /* Users */,
			);
			path = FeedWranglerAPIExample;
			sourceTree = "<group>";
		};
		E2E17E3E1738115E007B5FF0 /* Supporting Files */ = {
			isa = PBXGroup;
			children = (
				E2E17E3F1738115E007B5FF0 /* FeedWranglerAPIExample-Info.plist */,
				E2E17E401738115E007B5FF0 /* InfoPlist.strings */,
				E2E17E431738115E007B5FF0 /* main.m */,
				E2E17E451738115E007B5FF0 /* FeedWranglerAPIExample-Prefix.pch */,
				E2E17E491738115E007B5FF0 /* Default.png */,
				E2E17E4B1738115E007B5FF0 /* Default@2x.png */,
				E2E17E4D1738115E007B5FF0 /* Default-568h@2x.png */,
			);
			name = "Supporting Files";
			path = FeedWranglerAPIExample;
			sourceTree = "<group>";
		};
		E2E17E751738204C007B5FF0 /* Users */ = {
			isa = PBXGroup;
			children = (
				E2E17E63173812DC007B5FF0 /* CFCUsersLoginViewController.h */,
				E2E17E64173812DC007B5FF0 /* CFCUsersLoginViewController.m */,
				E2E17E65173812DC007B5FF0 /* CFCUsersLoginViewController.xib */,
				E2E17E6B17381C1E007B5FF0 /* CFCUsersLogoutViewController.h */,
				E2E17E6C17381C1E007B5FF0 /* CFCUsersLogoutViewController.m */,
				E2E17E6D17381C1E007B5FF0 /* CFCUsersLogoutViewController.xib */,
			);
			name = Users;
			sourceTree = "<group>";
		};
		E2E17E7617382057007B5FF0 /* Shared */ = {
			isa = PBXGroup;
			children = (
				E2E17E461738115E007B5FF0 /* CFCAppDelegate.h */,
				E2E17E471738115E007B5FF0 /* CFCAppDelegate.m */,
				E2E17E4F1738115E007B5FF0 /* CFCActionsViewController.h */,
				E2E17E501738115E007B5FF0 /* CFCActionsViewController.m */,
				E2E17E68173813D1007B5FF0 /* CFCBaseViewController.h */,
				E2E17E69173813D2007B5FF0 /* CFCBaseViewController.m */,
			);
			name = Shared;
			path = FeedWranglerAPIExample;
			sourceTree = "<group>";
		};
		E2E17E7717382062007B5FF0 /* Subscriptions */ = {
			isa = PBXGroup;
			children = (
				E2E17E7017381EE1007B5FF0 /* CFCSubscriptionsListViewController.h */,
				E2E17E7117381EE1007B5FF0 /* CFCSubscriptionsListViewController.m */,
				E2E17E7217381EE1007B5FF0 /* CFCSubscriptionsListViewController.xib */,
				E2E17E7817382077007B5FF0 /* CFCSubscriptionsAddFeedViewController.h */,
				E2E17E7917382077007B5FF0 /* CFCSubscriptionsAddFeedViewController.m */,
				E2E17E7A17382077007B5FF0 /* CFCSubscriptionsAddFeedViewController.xib */,
				E2E17E7D173822A1007B5FF0 /* CFCSubscriptionsRemoveFeedViewController.h */,
				E2E17E7E173822A1007B5FF0 /* CFCSubscriptionsRemoveFeedViewController.m */,
				E2E17E7F173822A1007B5FF0 /* CFCSubscriptionsRemoveFeedViewController.xib */,
			);
			name = Subscriptions;
			sourceTree = "<group>";
		};
		E2E17E8217382541007B5FF0 /* FeedItems */ = {
			isa = PBXGroup;
			children = (
				E2E17E8317382552007B5FF0 /* CFCFeedItemsListViewController.h */,
				E2E17E8417382552007B5FF0 /* CFCFeedItemsListViewController.m */,
				E2E17E8517382552007B5FF0 /* CFCFeedItemsListViewController.xib */,
				E2E17E88173831CA007B5FF0 /* CFCFeedItemsUpdateViewController.h */,
				E2E17E89173831CA007B5FF0 /* CFCFeedItemsUpdateViewController.m */,
				E2E17E8A173831CA007B5FF0 /* CFCFeedItemsUpdateViewController.xib */,
				E2E17E8D17383398007B5FF0 /* CFCFeedItemsMarkAllReadViewController.h */,
				E2E17E8E17383398007B5FF0 /* CFCFeedItemsMarkAllReadViewController.m */,
				E2E17E8F17383398007B5FF0 /* CFCFeedItemsMarkAllReadViewController.xib */,
				E2E17E9D17384137007B5FF0 /* CFCFeedItemsSearchViewController.h */,
				E2E17E9E17384137007B5FF0 /* CFCFeedItemsSearchViewController.m */,
				E2E17E9F17384137007B5FF0 /* CFCFeedItemsSearchViewController.xib */,
				E2734C72173AAA6A00906D7F /* CFCFeedItemsChangedViewController.h */,
				E2734C73173AAA6A00906D7F /* CFCFeedItemsChangedViewController.m */,
				E2734C74173AAA6A00906D7F /* CFCFeedItemsChangedViewController.xib */,
				E2734C77173AAFEC00906D7F /* CFCFeedItemsGetViewController.h */,
				E2734C78173AAFEC00906D7F /* CFCFeedItemsGetViewController.m */,
				E2734C79173AAFEC00906D7F /* CFCFeedItemsGetViewController.xib */,
			);
			name = FeedItems;
			sourceTree = "<group>";
		};
		E2E17E9717383E97007B5FF0 /* Streams */ = {
			isa = PBXGroup;
			children = (
				E2E17E9217383A1F007B5FF0 /* CFCStreamsListViewController.h */,
				E2E17E9317383A1F007B5FF0 /* CFCStreamsListViewController.m */,
				E2E17E9417383A1F007B5FF0 /* CFCStreamsListViewController.xib */,
				E2E17E9817383EF6007B5FF0 /* CFCStreamsStreamItemsViewController.h */,
				E2E17E9917383EF6007B5FF0 /* CFCStreamsStreamItemsViewController.m */,
				E2E17E9A17383EF6007B5FF0 /* CFCStreamsStreamItemsViewController.xib */,
				E2734C7C173AB5A400906D7F /* CFCStreamStreamItemIdsViewController.h */,
				E2734C7D173AB5A400906D7F /* CFCStreamStreamItemIdsViewController.m */,
				E2734C7E173AB5A400906D7F /* CFCStreamStreamItemIdsViewController.xib */,
			);
			name = Streams;
			sourceTree = "<group>";
		};
/* End PBXGroup section */

/* Begin PBXNativeTarget section */
		E2E17E331738115E007B5FF0 /* FeedWranglerAPIExample */ = {
			isa = PBXNativeTarget;
			buildConfigurationList = E2E17E5D1738115E007B5FF0 /* Build configuration list for PBXNativeTarget "FeedWranglerAPIExample" */;
			buildPhases = (
				E2E17E301738115E007B5FF0 /* Sources */,
				E2E17E311738115E007B5FF0 /* Frameworks */,
				E2E17E321738115E007B5FF0 /* Resources */,
			);
			buildRules = (
			);
			dependencies = (
			);
			name = FeedWranglerAPIExample;
			productName = FeedWranglerAPIExample;
			productReference = E2E17E341738115E007B5FF0 /* FeedWranglerAPIExample.app */;
			productType = "com.apple.product-type.application";
		};
/* End PBXNativeTarget section */

/* Begin PBXProject section */
		E2E17E2C1738115E007B5FF0 /* Project object */ = {
			isa = PBXProject;
			attributes = {
				CLASSPREFIX = CFC;
				LastUpgradeCheck = 0460;
				ORGANIZATIONNAME = "Developing Perspective, LLC";
			};
			buildConfigurationList = E2E17E2F1738115E007B5FF0 /* Build configuration list for PBXProject "FeedWranglerAPIExample" */;
			compatibilityVersion = "Xcode 3.2";
			developmentRegion = English;
			hasScannedForEncodings = 0;
			knownRegions = (
				en,
			);
			mainGroup = E2E17E2B1738115E007B5FF0;
			productRefGroup = E2E17E351738115E007B5FF0 /* Products */;
			projectDirPath = "";
			projectRoot = "";
			targets = (
				E2E17E331738115E007B5FF0 /* FeedWranglerAPIExample */,
			);
		};
/* End PBXProject section */

/* Begin PBXResourcesBuildPhase section */
		E2E17E321738115E007B5FF0 /* Resources */ = {
			isa = PBXResourcesBuildPhase;
			buildActionMask = 2147483647;
			files = (
				E2E17E421738115E007B5FF0 /* InfoPlist.strings in Resources */,
				E2E17E4A1738115E007B5FF0 /* Default.png in Resources */,
				E2E17E4C1738115E007B5FF0 /* Default@2x.png in Resources */,
				E2E17E4E1738115E007B5FF0 /* Default-568h@2x.png in Resources */,
				E2E17E67173812DC007B5FF0 /* CFCUsersLoginViewController.xib in Resources */,
				E2E17E6F17381C1E007B5FF0 /* CFCUsersLogoutViewController.xib in Resources */,
				E2E17E7417381EE1007B5FF0 /* CFCSubscriptionsListViewController.xib in Resources */,
				E2E17E7C17382077007B5FF0 /* CFCSubscriptionsAddFeedViewController.xib in Resources */,
				E2E17E81173822A1007B5FF0 /* CFCSubscriptionsRemoveFeedViewController.xib in Resources */,
				E2E17E8717382552007B5FF0 /* CFCFeedItemsListViewController.xib in Resources */,
				E2E17E8C173831CA007B5FF0 /* CFCFeedItemsUpdateViewController.xib in Resources */,
				E2E17E9117383398007B5FF0 /* CFCFeedItemsMarkAllReadViewController.xib in Resources */,
				E2E17E9617383A1F007B5FF0 /* CFCStreamsListViewController.xib in Resources */,
				E2E17E9C17383EF6007B5FF0 /* CFCStreamsStreamItemsViewController.xib in Resources */,
				E2E17EA117384137007B5FF0 /* CFCFeedItemsSearchViewController.xib in Resources */,
				E2734C76173AAA6A00906D7F /* CFCFeedItemsChangedViewController.xib in Resources */,
				E2734C7B173AAFEC00906D7F /* CFCFeedItemsGetViewController.xib in Resources */,
				E2734C80173AB5A400906D7F /* CFCStreamStreamItemIdsViewController.xib in Resources */,
			);
			runOnlyForDeploymentPostprocessing = 0;
		};
/* End PBXResourcesBuildPhase section */

/* Begin PBXSourcesBuildPhase section */
		E2E17E301738115E007B5FF0 /* Sources */ = {
			isa = PBXSourcesBuildPhase;
			buildActionMask = 2147483647;
			files = (
				E2E17E441738115E007B5FF0 /* main.m in Sources */,
				E2E17E481738115E007B5FF0 /* CFCAppDelegate.m in Sources */,
				E2E17E511738115E007B5FF0 /* CFCActionsViewController.m in Sources */,
				E2E17E66173812DC007B5FF0 /* CFCUsersLoginViewController.m in Sources */,
				E2E17E6A173813D2007B5FF0 /* CFCBaseViewController.m in Sources */,
				E2E17E6E17381C1E007B5FF0 /* CFCUsersLogoutViewController.m in Sources */,
				E2E17E7317381EE1007B5FF0 /* CFCSubscriptionsListViewController.m in Sources */,
				E2E17E7B17382077007B5FF0 /* CFCSubscriptionsAddFeedViewController.m in Sources */,
				E2E17E80173822A1007B5FF0 /* CFCSubscriptionsRemoveFeedViewController.m in Sources */,
				E2E17E8617382552007B5FF0 /* CFCFeedItemsListViewController.m in Sources */,
				E2E17E8B173831CA007B5FF0 /* CFCFeedItemsUpdateViewController.m in Sources */,
				E2E17E9017383398007B5FF0 /* CFCFeedItemsMarkAllReadViewController.m in Sources */,
				E2E17E9517383A1F007B5FF0 /* CFCStreamsListViewController.m in Sources */,
				E2E17E9B17383EF6007B5FF0 /* CFCStreamsStreamItemsViewController.m in Sources */,
				E2E17EA017384137007B5FF0 /* CFCFeedItemsSearchViewController.m in Sources */,
				E2734C75173AAA6A00906D7F /* CFCFeedItemsChangedViewController.m in Sources */,
				E2734C7A173AAFEC00906D7F /* CFCFeedItemsGetViewController.m in Sources */,
				E2734C7F173AB5A400906D7F /* CFCStreamStreamItemIdsViewController.m in Sources */,
			);
			runOnlyForDeploymentPostprocessing = 0;
		};
/* End PBXSourcesBuildPhase section */

/* Begin PBXVariantGroup section */
		E2E17E401738115E007B5FF0 /* InfoPlist.strings */ = {
			isa = PBXVariantGroup;
			children = (
				E2E17E411738115E007B5FF0 /* en */,
			);
			name = InfoPlist.strings;
			sourceTree = "<group>";
		};
/* End PBXVariantGroup section */

/* Begin XCBuildConfiguration section */
		E2E17E5B1738115E007B5FF0 /* Debug */ = {
			isa = XCBuildConfiguration;
			buildSettings = {
				ALWAYS_SEARCH_USER_PATHS = NO;
				CLANG_CXX_LANGUAGE_STANDARD = "gnu++0x";
				CLANG_CXX_LIBRARY = "libc++";
				CLANG_ENABLE_OBJC_ARC = YES;
				CLANG_WARN_CONSTANT_CONVERSION = YES;
				CLANG_WARN_EMPTY_BODY = YES;
				CLANG_WARN_ENUM_CONVERSION = YES;
				CLANG_WARN_INT_CONVERSION = YES;
				CLANG_WARN__DUPLICATE_METHOD_MATCH = YES;
				"CODE_SIGN_IDENTITY[sdk=iphoneos*]" = "iPhone Developer";
				COPY_PHASE_STRIP = NO;
				GCC_C_LANGUAGE_STANDARD = gnu99;
				GCC_DYNAMIC_NO_PIC = NO;
				GCC_OPTIMIZATION_LEVEL = 0;
				GCC_PREPROCESSOR_DEFINITIONS = (
					"DEBUG=1",
					"$(inherited)",
				);
				GCC_SYMBOLS_PRIVATE_EXTERN = NO;
				GCC_WARN_ABOUT_RETURN_TYPE = YES;
				GCC_WARN_UNINITIALIZED_AUTOS = YES;
				GCC_WARN_UNUSED_VARIABLE = YES;
				IPHONEOS_DEPLOYMENT_TARGET = 6.1;
				ONLY_ACTIVE_ARCH = YES;
				SDKROOT = iphoneos;
			};
			name = Debug;
		};
		E2E17E5C1738115E007B5FF0 /* Release */ = {
			isa = XCBuildConfiguration;
			buildSettings = {
				ALWAYS_SEARCH_USER_PATHS = NO;
				CLANG_CXX_LANGUAGE_STANDARD = "gnu++0x";
				CLANG_CXX_LIBRARY = "libc++";
				CLANG_ENABLE_OBJC_ARC = YES;
				CLANG_WARN_CONSTANT_CONVERSION = YES;
				CLANG_WARN_EMPTY_BODY = YES;
				CLANG_WARN_ENUM_CONVERSION = YES;
				CLANG_WARN_INT_CONVERSION = YES;
				CLANG_WARN__DUPLICATE_METHOD_MATCH = YES;
				"CODE_SIGN_IDENTITY[sdk=iphoneos*]" = "iPhone Developer";
				COPY_PHASE_STRIP = YES;
				GCC_C_LANGUAGE_STANDARD = gnu99;
				GCC_WARN_ABOUT_RETURN_TYPE = YES;
				GCC_WARN_UNINITIALIZED_AUTOS = YES;
				GCC_WARN_UNUSED_VARIABLE = YES;
				IPHONEOS_DEPLOYMENT_TARGET = 6.1;
				OTHER_CFLAGS = "-DNS_BLOCK_ASSERTIONS=1";
				SDKROOT = iphoneos;
				VALIDATE_PRODUCT = YES;
			};
			name = Release;
		};
		E2E17E5E1738115E007B5FF0 /* Debug */ = {
			isa = XCBuildConfiguration;
			buildSettings = {
				GCC_PRECOMPILE_PREFIX_HEADER = YES;
				GCC_PREFIX_HEADER = "FeedWranglerAPIExample/FeedWranglerAPIExample-Prefix.pch";
				INFOPLIST_FILE = "FeedWranglerAPIExample/FeedWranglerAPIExample-Info.plist";
				PRODUCT_NAME = "$(TARGET_NAME)";
				WRAPPER_EXTENSION = app;
			};
			name = Debug;
		};
		E2E17E5F1738115E007B5FF0 /* Release */ = {
			isa = XCBuildConfiguration;
			buildSettings = {
				GCC_PRECOMPILE_PREFIX_HEADER = YES;
				GCC_PREFIX_HEADER = "FeedWranglerAPIExample/FeedWranglerAPIExample-Prefix.pch";
				INFOPLIST_FILE = "FeedWranglerAPIExample/FeedWranglerAPIExample-Info.plist";
				PRODUCT_NAME = "$(TARGET_NAME)";
				WRAPPER_EXTENSION = app;
			};
			name = Release;
		};
/* End XCBuildConfiguration section */

/* Begin XCConfigurationList section */
		E2E17E2F1738115E007B5FF0 /* Build configuration list for PBXProject "FeedWranglerAPIExample" */ = {
			isa = XCConfigurationList;
			buildConfigurations = (
				E2E17E5B1738115E007B5FF0 /* Debug */,
				E2E17E5C1738115E007B5FF0 /* Release */,
			);
			defaultConfigurationIsVisible = 0;
			defaultConfigurationName = Release;
		};
		E2E17E5D1738115E007B5FF0 /* Build configuration list for PBXNativeTarget "FeedWranglerAPIExample" */ = {
			isa = XCConfigurationList;
			buildConfigurations = (
				E2E17E5E1738115E007B5FF0 /* Debug */,
				E2E17E5F1738115E007B5FF0 /* Release */,
			);
			defaultConfigurationIsVisible = 0;
			defaultConfigurationName = Release;
		};
/* End XCConfigurationList section */
	};
	rootObject = E2E17E2C1738115E007B5FF0 /* Project object */;
}
